
Microsoft Visual Studio Solution File, Format Version 12.00
# Visual Studio Version 17
VisualStudioVersion = 17.3.32922.545
MinimumVisualStudioVersion = 10.0.40219.1
Project("{FAE04EC0-301F-11D3-BF4B-00C04F79EFBC}") = "SocialNetwork.Console", "SocialNetwork.Console.csproj", "{F28EE92D-CA8C-4888-8712-30DA90B26435}"
EndProject
Project("{FAE04EC0-301F-11D3-BF4B-00C04F79EFBC}") = "SocialNetwork.MongoDBDAL", "SocialNetwork.MongoDBDAL\SocialNetwork.MongoDBDAL.csproj", "{7311B2F5-A44F-425F-9FC1-AAE9C28A241C}"
EndProject
Project("{FAE04EC0-301F-11D3-BF4B-00C04F79EFBC}") = "SocialNetwork.DTO", "SocialNetwork.DTO\SocialNetwork.DTO.csproj", "{4F4F5C8B-B55E-4668-9283-0DEB54DDD4A7}"
EndProject
Project("{FAE04EC0-301F-11D3-BF4B-00C04F79EFBC}") = "SocialNetwork.BLL", "SocialNetwork.BLL\SocialNetwork.BLL.csproj", "{A75CF31B-5E96-467C-A196-88095E910885}"
EndProject
Project("{FAE04EC0-301F-11D3-BF4B-00C04F79EFBC}") = "SocialNetwork.Neo4JDAL", "SocialNetwork.Neo4JDAL\SocialNetwork.Neo4JDAL.csproj", "{D3463033-39F7-4E73-84E9-2D49EA7249CA}"
EndProject
Global
	GlobalSection(SolutionConfigurationPlatforms) = preSolution
		Debug|Any CPU = Debug|Any CPU
		Release|Any CPU = Release|Any CPU
	EndGlobalSection
	GlobalSection(ProjectConfigurationPlatforms) = postSolution
		{F28EE92D-CA8C-4888-8712-30DA90B26435}.Debug|Any CPU.ActiveCfg = Debug|Any CPU
		{F28EE92D-CA8C-4888-8712-30DA90B26435}.Debug|Any CPU.Build.0 = Debug|Any CPU
		{F28EE92D-CA8C-4888-8712-30DA90B26435}.Release|Any CPU.ActiveCfg = Release|Any CPU
		{F28EE92D-CA8C-4888-8712-30DA90B26435}.Release|Any CPU.Build.0 = Release|Any CPU
		{7311B2F5-A44F-425F-9FC1-AAE9C28A241C}.Debug|Any CPU.ActiveCfg = Debug|Any CPU
		{7311B2F5-A44F-425F-9FC1-AAE9C28A241C}.Debug|Any CPU.Build.0 = Debug|Any CPU
		{7311B2F5-A44F-425F-9FC1-AAE9C28A241C}.Release|Any CPU.ActiveCfg = Release|Any CPU
		{7311B2F5-A44F-425F-9FC1-AAE9C28A241C}.Release|Any CPU.Build.0 = Release|Any CPU
		{4F4F5C8B-B55E-4668-9283-0DEB54DDD4A7}.Debug|Any CPU.ActiveCfg = Debug|Any CPU
		{4F4F5C8B-B55E-4668-9283-0DEB54DDD4A7}.Debug|Any CPU.Build.0 = Debug|Any CPU
		{4F4F5C8B-B55E-4668-9283-0DEB54DDD4A7}.Release|Any CPU.ActiveCfg = Release|Any CPU
		{4F4F5C8B-B55E-4668-9283-0DEB54DDD4A7}.Release|Any CPU.Build.0 = Release|Any CPU
		{A75CF31B-5E96-467C-A196-88095E910885}.Debug|Any CPU.ActiveCfg = Debug|Any CPU
		{A75CF31B-5E96-467C-A196-88095E910885}.Debug|Any CPU.Build.0 = Debug|Any CPU
		{A75CF31B-5E96-467C-A196-88095E910885}.Release|Any CPU.ActiveCfg = Release|Any CPU
		{A75CF31B-5E96-467C-A196-88095E910885}.Release|Any CPU.Build.0 = Release|Any CPU
		{D3463033-39F7-4E73-84E9-2D49EA7249CA}.Debug|Any CPU.ActiveCfg = Debug|Any CPU
		{D3463033-39F7-4E73-84E9-2D49EA7249CA}.Debug|Any CPU.Build.0 = Debug|Any CPU
		{D3463033-39F7-4E73-84E9-2D49EA7249CA}.Release|Any CPU.ActiveCfg = Release|Any CPU
		{D3463033-39F7-4E73-84E9-2D49EA7249CA}.Release|Any CPU.Build.0 = Release|Any CPU
	EndGlobalSection
	GlobalSection(SolutionProperties) = preSolution
		HideSolutionNode = FALSE
	EndGlobalSection
	GlobalSection(ExtensibilityGlobals) = postSolution
		SolutionGuid = {394849F1-C97F-4F94-BC54-9B10641FEA29}
	EndGlobalSection
EndGlobal
